
Microsoft Visual Studio Solution File, Format Version 12.00
# Visual Studio Version 16
VisualStudioVersion = 16.0.29509.3
MinimumVisualStudioVersion = 10.0.40219.1
Project("{FAE04EC0-301F-11D3-BF4B-00C04F79EFBC}") = "ProductsDatabase.UWP", "ProductsDatabase\ProductsDatabase.UWP\ProductsDatabase.UWP.csproj", "{2C6EAC8C-0338-4CD0-83D1-6390E603ACDD}"
EndProject
Project("{FAE04EC0-301F-11D3-BF4B-00C04F79EFBC}") = "ProductsDatabase.Android", "ProductsDatabase\ProductsDatabase.Android\ProductsDatabase.Android.csproj", "{B4E1ED4A-5D11-47E1-8B9D-0C6E397C6403}"
EndProject
Project("{FAE04EC0-301F-11D3-BF4B-00C04F79EFBC}") = "ProductsDatabase.iOS", "ProductsDatabase\ProductsDatabase.iOS\ProductsDatabase.iOS.csproj", "{6CD0988C-C70E-406C-AC58-6B83F517A2FD}"
EndProject
Project("{FAE04EC0-301F-11D3-BF4B-00C04F79EFBC}") = "ProductsDatabase", "ProductsDatabase\ProductsDatabase\ProductsDatabase.csproj", "{72C79210-29E3-4A26-A322-005554D4F087}"
EndProject
Global
	GlobalSection(SolutionConfigurationPlatforms) = preSolution
		Debug|Any CPU = Debug|Any CPU
		Debug|ARM = Debug|ARM
		Debug|iPhone = Debug|iPhone
		Debug|iPhoneSimulator = Debug|iPhoneSimulator
		Debug|x64 = Debug|x64
		Debug|x86 = Debug|x86
		Release|Any CPU = Release|Any CPU
		Release|ARM = Release|ARM
		Release|iPhone = Release|iPhone
		Release|iPhoneSimulator = Release|iPhoneSimulator
		Release|x64 = Release|x64
		Release|x86 = Release|x86
	EndGlobalSection
	GlobalSection(ProjectConfigurationPlatforms) = postSolution
		{2C6EAC8C-0338-4CD0-83D1-6390E603ACDD}.Debug|Any CPU.ActiveCfg = Debug|x86
		{2C6EAC8C-0338-4CD0-83D1-6390E603ACDD}.Debug|Any CPU.Build.0 = Debug|x86
		{2C6EAC8C-0338-4CD0-83D1-6390E603ACDD}.Debug|Any CPU.Deploy.0 = Debug|x86
		{2C6EAC8C-0338-4CD0-83D1-6390E603ACDD}.Debug|ARM.ActiveCfg = Debug|ARM
		{2C6EAC8C-0338-4CD0-83D1-6390E603ACDD}.Debug|ARM.Build.0 = Debug|ARM
		{2C6EAC8C-0338-4CD0-83D1-6390E603ACDD}.Debug|ARM.Deploy.0 = Debug|ARM
		{2C6EAC8C-0338-4CD0-83D1-6390E603ACDD}.Debug|iPhone.ActiveCfg = Debug|x86
		{2C6EAC8C-0338-4CD0-83D1-6390E603ACDD}.Debug|iPhone.Build.0 = Debug|x86
		{2C6EAC8C-0338-4CD0-83D1-6390E603ACDD}.Debug|iPhone.Deploy.0 = Debug|x86
		{2C6EAC8C-0338-4CD0-83D1-6390E603ACDD}.Debug|iPhoneSimulator.ActiveCfg = Debug|x86
		{2C6EAC8C-0338-4CD0-83D1-6390E603ACDD}.Debug|iPhoneSimulator.Build.0 = Debug|x86
		{2C6EAC8C-0338-4CD0-83D1-6390E603ACDD}.Debug|iPhoneSimulator.Deploy.0 = Debug|x86
		{2C6EAC8C-0338-4CD0-83D1-6390E603ACDD}.Debug|x64.ActiveCfg = Debug|x64
		{2C6EAC8C-0338-4CD0-83D1-6390E603ACDD}.Debug|x64.Build.0 = Debug|x64
		{2C6EAC8C-0338-4CD0-83D1-6390E603ACDD}.Debug|x64.Deploy.0 = Debug|x64
		{2C6EAC8C-0338-4CD0-83D1-6390E603ACDD}.Debug|x86.ActiveCfg = Debug|x86
		{2C6EAC8C-0338-4CD0-83D1-6390E603ACDD}.Debug|x86.Build.0 = Debug|x86
		{2C6EAC8C-0338-4CD0-83D1-6390E603ACDD}.Debug|x86.Deploy.0 = Debug|x86
		{2C6EAC8C-0338-4CD0-83D1-6390E603ACDD}.Release|Any CPU.ActiveCfg = Release|x86
		{2C6EAC8C-0338-4CD0-83D1-6390E603ACDD}.Release|Any CPU.Build.0 = Release|x86
		{2C6EAC8C-0338-4CD0-83D1-6390E603ACDD}.Release|Any CPU.Deploy.0 = Release|x86
		{2C6EAC8C-0338-4CD0-83D1-6390E603ACDD}.Release|ARM.ActiveCfg = Release|ARM
		{2C6EAC8C-0338-4CD0-83D1-6390E603ACDD}.Release|ARM.Build.0 = Release|ARM
		{2C6EAC8C-0338-4CD0-83D1-6390E603ACDD}.Release|ARM.Deploy.0 = Release|ARM
		{2C6EAC8C-0338-4CD0-83D1-6390E603ACDD}.Release|iPhone.ActiveCfg = Release|x86
		{2C6EAC8C-0338-4CD0-83D1-6390E603ACDD}.Release|iPhone.Build.0 = Release|x86
		{2C6EAC8C-0338-4CD0-83D1-6390E603ACDD}.Release|iPhone.Deploy.0 = Release|x86
		{2C6EAC8C-0338-4CD0-83D1-6390E603ACDD}.Release|iPhoneSimulator.ActiveCfg = Release|x86
		{2C6EAC8C-0338-4CD0-83D1-6390E603ACDD}.Release|iPhoneSimulator.Build.0 = Release|x86
		{2C6EAC8C-0338-4CD0-83D1-6390E603ACDD}.Release|iPhoneSimulator.Deploy.0 = Release|x86
		{2C6EAC8C-0338-4CD0-83D1-6390E603ACDD}.Release|x64.ActiveCfg = Release|x64
		{2C6EAC8C-0338-4CD0-83D1-6390E603ACDD}.Release|x64.Build.0 = Release|x64
		{2C6EAC8C-0338-4CD0-83D1-6390E603ACDD}.Release|x64.Deploy.0 = Release|x64
		{2C6EAC8C-0338-4CD0-83D1-6390E603ACDD}.Release|x86.ActiveCfg = Release|x86
		{2C6EAC8C-0338-4CD0-83D1-6390E603ACDD}.Release|x86.Build.0 = Release|x86
		{2C6EAC8C-0338-4CD0-83D1-6390E603ACDD}.Release|x86.Deploy.0 = Release|x86
		{B4E1ED4A-5D11-47E1-8B9D-0C6E397C6403}.Debug|Any CPU.ActiveCfg = Debug|Any CPU
		{B4E1ED4A-5D11-47E1-8B9D-0C6E397C6403}.Debug|Any CPU.Build.0 = Debug|Any CPU
		{B4E1ED4A-5D11-47E1-8B9D-0C6E397C6403}.Debug|Any CPU.Deploy.0 = Debug|Any CPU
		{B4E1ED4A-5D11-47E1-8B9D-0C6E397C6403}.Debug|ARM.ActiveCfg = Debug|Any CPU
		{B4E1ED4A-5D11-47E1-8B9D-0C6E397C6403}.Debug|ARM.Build.0 = Debug|Any CPU
		{B4E1ED4A-5D11-47E1-8B9D-0C6E397C6403}.Debug|ARM.Deploy.0 = Debug|Any CPU
		{B4E1ED4A-5D11-47E1-8B9D-0C6E397C6403}.Debug|iPhone.ActiveCfg = Debug|Any CPU
		{B4E1ED4A-5D11-47E1-8B9D-0C6E397C6403}.Debug|iPhone.Build.0 = Debug|Any CPU
		{B4E1ED4A-5D11-47E1-8B9D-0C6E397C6403}.Debug|iPhone.Deploy.0 = Debug|Any CPU
		{B4E1ED4A-5D11-47E1-8B9D-0C6E397C6403}.Debug|iPhoneSimulator.ActiveCfg = Debug|Any CPU
		{B4E1ED4A-5D11-47E1-8B9D-0C6E397C6403}.Debug|iPhoneSimulator.Build.0 = Debug|Any CPU
		{B4E1ED4A-5D11-47E1-8B9D-0C6E397C6403}.Debug|iPhoneSimulator.Deploy.0 = Debug|Any CPU
		{B4E1ED4A-5D11-47E1-8B9D-0C6E397C6403}.Debug|x64.ActiveCfg = Debug|Any CPU
		{B4E1ED4A-5D11-47E1-8B9D-0C6E397C6403}.Debug|x64.Build.0 = Debug|Any CPU
		{B4E1ED4A-5D11-47E1-8B9D-0C6E397C6403}.Debug|x64.Deploy.0 = Debug|Any CPU
		{B4E1ED4A-5D11-47E1-8B9D-0C6E397C6403}.Debug|x86.ActiveCfg = Debug|Any CPU
		{B4E1ED4A-5D11-47E1-8B9D-0C6E397C6403}.Debug|x86.Build.0 = Debug|Any CPU
		{B4E1ED4A-5D11-47E1-8B9D-0C6E397C6403}.Debug|x86.Deploy.0 = Debug|Any CPU
		{B4E1ED4A-5D11-47E1-8B9D-0C6E397C6403}.Release|Any CPU.ActiveCfg = Release|Any CPU
		{B4E1ED4A-5D11-47E1-8B9D-0C6E397C6403}.Release|Any CPU.Build.0 = Release|Any CPU
		{B4E1ED4A-5D11-47E1-8B9D-0C6E397C6403}.Release|Any CPU.Deploy.0 = Release|Any CPU
		{B4E1ED4A-5D11-47E1-8B9D-0C6E397C6403}.Release|ARM.ActiveCfg = Release|Any CPU
		{B4E1ED4A-5D11-47E1-8B9D-0C6E397C6403}.Release|ARM.Build.0 = Release|Any CPU
		{B4E1ED4A-5D11-47E1-8B9D-0C6E397C6403}.Release|ARM.Deploy.0 = Release|Any CPU
		{B4E1ED4A-5D11-47E1-8B9D-0C6E397C6403}.Release|iPhone.ActiveCfg = Release|Any CPU
		{B4E1ED4A-5D11-47E1-8B9D-0C6E397C6403}.Release|iPhone.Build.0 = Release|Any CPU
		{B4E1ED4A-5D11-47E1-8B9D-0C6E397C6403}.Release|iPhone.Deploy.0 = Release|Any CPU
		{B4E1ED4A-5D11-47E1-8B9D-0C6E397C6403}.Release|iPhoneSimulator.ActiveCfg = Release|Any CPU
		{B4E1ED4A-5D11-47E1-8B9D-0C6E397C6403}.Release|iPhoneSimulator.Build.0 = Release|Any CPU
		{B4E1ED4A-5D11-47E1-8B9D-0C6E397C6403}.Release|iPhoneSimulator.Deploy.0 = Release|Any CPU
		{B4E1ED4A-5D11-47E1-8B9D-0C6E397C6403}.Release|x64.ActiveCfg = Release|Any CPU
		{B4E1ED4A-5D11-47E1-8B9D-0C6E397C6403}.Release|x64.Build.0 = Release|Any CPU
		{B4E1ED4A-5D11-47E1-8B9D-0C6E397C6403}.Release|x64.Deploy.0 = Release|Any CPU
		{B4E1ED4A-5D11-47E1-8B9D-0C6E397C6403}.Release|x86.ActiveCfg = Release|Any CPU
		{B4E1ED4A-5D11-47E1-8B9D-0C6E397C6403}.Release|x86.Build.0 = Release|Any CPU
		{B4E1ED4A-5D11-47E1-8B9D-0C6E397C6403}.Release|x86.Deploy.0 = Release|Any CPU
		{6CD0988C-C70E-406C-AC58-6B83F517A2FD}.Debug|Any CPU.ActiveCfg = Debug|iPhone
		{6CD0988C-C70E-406C-AC58-6B83F517A2FD}.Debug|Any CPU.Build.0 = Debug|iPhone
		{6CD0988C-C70E-406C-AC58-6B83F517A2FD}.Debug|Any CPU.Deploy.0 = Debug|iPhone
		{6CD0988C-C70E-406C-AC58-6B83F517A2FD}.Debug|ARM.ActiveCfg = Debug|iPhoneSimulator
		{6CD0988C-C70E-406C-AC58-6B83F517A2FD}.Debug|ARM.Build.0 = Debug|iPhoneSimulator
		{6CD0988C-C70E-406C-AC58-6B83F517A2FD}.Debug|ARM.Deploy.0 = Debug|iPhoneSimulator
		{6CD0988C-C70E-406C-AC58-6B83F517A2FD}.Debug|iPhone.ActiveCfg = Debug|iPhone
		{6CD0988C-C70E-406C-AC58-6B83F517A2FD}.Debug|iPhone.Build.0 = Debug|iPhone
		{6CD0988C-C70E-406C-AC58-6B83F517A2FD}.Debug|iPhone.Deploy.0 = Debug|iPhone
		{6CD0988C-C70E-406C-AC58-6B83F517A2FD}.Debug|iPhoneSimulator.ActiveCfg = Debug|iPhoneSimulator
		{6CD0988C-C70E-406C-AC58-6B83F517A2FD}.Debug|iPhoneSimulator.Build.0 = Debug|iPhoneSimulator
		{6CD0988C-C70E-406C-AC58-6B83F517A2FD}.Debug|iPhoneSimulator.Deploy.0 = Debug|iPhoneSimulator
		{6CD0988C-C70E-406C-AC58-6B83F517A2FD}.Debug|x64.ActiveCfg = Debug|iPhone
		{6CD0988C-C70E-406C-AC58-6B83F517A2FD}.Debug|x64.Build.0 = Debug|iPhone
		{6CD0988C-C70E-406C-AC58-6B83F517A2FD}.Debug|x64.Deploy.0 = Debug|iPhone
		{6CD0988C-C70E-406C-AC58-6B83F517A2FD}.Debug|x86.ActiveCfg = Debug|iPhone
		{6CD0988C-C70E-406C-AC58-6B83F517A2FD}.Debug|x86.Build.0 = Debug|iPhone
		{6CD0988C-C70E-406C-AC58-6B83F517A2FD}.Debug|x86.Deploy.0 = Debug|iPhone
		{6CD0988C-C70E-406C-AC58-6B83F517A2FD}.Release|Any CPU.ActiveCfg = Release|iPhone
		{6CD0988C-C70E-406C-AC58-6B83F517A2FD}.Release|Any CPU.Build.0 = Release|iPhone
		{6CD0988C-C70E-406C-AC58-6B83F517A2FD}.Release|Any CPU.Deploy.0 = Release|iPhone
		{6CD0988C-C70E-406C-AC58-6B83F517A2FD}.Release|ARM.ActiveCfg = Release|iPhone
		{6CD0988C-C70E-406C-AC58-6B83F517A2FD}.Release|ARM.Build.0 = Release|iPhone
		{6CD0988C-C70E-406C-AC58-6B83F517A2FD}.Release|ARM.Deploy.0 = Release|iPhone
		{6CD0988C-C70E-406C-AC58-6B83F517A2FD}.Release|iPhone.ActiveCfg = Release|iPhone
		{6CD0988C-C70E-406C-AC58-6B83F517A2FD}.Release|iPhone.Build.0 = Release|iPhone
		{6CD0988C-C70E-406C-AC58-6B83F517A2FD}.Release|iPhone.Deploy.0 = Release|iPhone
		{6CD0988C-C70E-406C-AC58-6B83F517A2FD}.Release|iPhoneSimulator.ActiveCfg = Release|iPhoneSimulator
		{6CD0988C-C70E-406C-AC58-6B83F517A2FD}.Release|iPhoneSimulator.Build.0 = Release|iPhoneSimulator
		{6CD0988C-C70E-406C-AC58-6B83F517A2FD}.Release|iPhoneSimulator.Deploy.0 = Release|iPhoneSimulator
		{6CD0988C-C70E-406C-AC58-6B83F517A2FD}.Release|x64.ActiveCfg = Release|iPhone
		{6CD0988C-C70E-406C-AC58-6B83F517A2FD}.Release|x64.Build.0 = Release|iPhone
		{6CD0988C-C70E-406C-AC58-6B83F517A2FD}.Release|x64.Deploy.0 = Release|iPhone
		{6CD0988C-C70E-406C-AC58-6B83F517A2FD}.Release|x86.ActiveCfg = Release|iPhone
		{6CD0988C-C70E-406C-AC58-6B83F517A2FD}.Release|x86.Build.0 = Release|iPhone
		{6CD0988C-C70E-406C-AC58-6B83F517A2FD}.Release|x86.Deploy.0 = Release|iPhone
		{72C79210-29E3-4A26-A322-005554D4F087}.Debug|Any CPU.ActiveCfg = Debug|Any CPU
		{72C79210-29E3-4A26-A322-005554D4F087}.Debug|Any CPU.Build.0 = Debug|Any CPU
		{72C79210-29E3-4A26-A322-005554D4F087}.Debug|Any CPU.Deploy.0 = Debug|Any CPU
		{72C79210-29E3-4A26-A322-005554D4F087}.Debug|ARM.ActiveCfg = Debug|Any CPU
		{72C79210-29E3-4A26-A322-005554D4F087}.Debug|ARM.Build.0 = Debug|Any CPU
		{72C79210-29E3-4A26-A322-005554D4F087}.Debug|ARM.Deploy.0 = Debug|Any CPU
		{72C79210-29E3-4A26-A322-005554D4F087}.Debug|iPhone.ActiveCfg = Debug|Any CPU
		{72C79210-29E3-4A26-A322-005554D4F087}.Debug|iPhone.Build.0 = Debug|Any CPU
		{72C79210-29E3-4A26-A322-005554D4F087}.Debug|iPhone.Deploy.0 = Debug|Any CPU
		{72C79210-29E3-4A26-A322-005554D4F087}.Debug|iPhoneSimulator.ActiveCfg = Debug|Any CPU
		{72C79210-29E3-4A26-A322-005554D4F087}.Debug|iPhoneSimulator.Build.0 = Debug|Any CPU
		{72C79210-29E3-4A26-A322-005554D4F087}.Debug|iPhoneSimulator.Deploy.0 = Debug|Any CPU
		{72C79210-29E3-4A26-A322-005554D4F087}.Debug|x64.ActiveCfg = Debug|Any CPU
		{72C79210-29E3-4A26-A322-005554D4F087}.Debug|x64.Build.0 = Debug|Any CPU
		{72C79210-29E3-4A26-A322-005554D4F087}.Debug|x64.Deploy.0 = Debug|Any CPU
		{72C79210-29E3-4A26-A322-005554D4F087}.Debug|x86.ActiveCfg = Debug|Any CPU
		{72C79210-29E3-4A26-A322-005554D4F087}.Debug|x86.Build.0 = Debug|Any CPU
		{72C79210-29E3-4A26-A322-005554D4F087}.Debug|x86.Deploy.0 = Debug|Any CPU
		{72C79210-29E3-4A26-A322-005554D4F087}.Release|Any CPU.ActiveCfg = Release|Any CPU
		{72C79210-29E3-4A26-A322-005554D4F087}.Release|Any CPU.Build.0 = Release|Any CPU
		{72C79210-29E3-4A26-A322-005554D4F087}.Release|Any CPU.Deploy.0 = Release|Any CPU
		{72C79210-29E3-4A26-A322-005554D4F087}.Release|ARM.ActiveCfg = Release|Any CPU
		{72C79210-29E3-4A26-A322-005554D4F087}.Release|ARM.Build.0 = Release|Any CPU
		{72C79210-29E3-4A26-A322-005554D4F087}.Release|ARM.Deploy.0 = Release|Any CPU
		{72C79210-29E3-4A26-A322-005554D4F087}.Release|iPhone.ActiveCfg = Release|Any CPU
		{72C79210-29E3-4A26-A322-005554D4F087}.Release|iPhone.Build.0 = Release|Any CPU
		{72C79210-29E3-4A26-A322-005554D4F087}.Release|iPhone.Deploy.0 = Release|Any CPU
		{72C79210-29E3-4A26-A322-005554D4F087}.Release|iPhoneSimulator.ActiveCfg = Release|Any CPU
		{72C79210-29E3-4A26-A322-005554D4F087}.Release|iPhoneSimulator.Build.0 = Release|Any CPU
		{72C79210-29E3-4A26-A322-005554D4F087}.Release|iPhoneSimulator.Deploy.0 = Release|Any CPU
		{72C79210-29E3-4A26-A322-005554D4F087}.Release|x64.ActiveCfg = Release|Any CPU
		{72C79210-29E3-4A26-A322-005554D4F087}.Release|x64.Build.0 = Release|Any CPU
		{72C79210-29E3-4A26-A322-005554D4F087}.Release|x64.Deploy.0 = Release|Any CPU
		{72C79210-29E3-4A26-A322-005554D4F087}.Release|x86.ActiveCfg = Release|Any CPU
		{72C79210-29E3-4A26-A322-005554D4F087}.Release|x86.Build.0 = Release|Any CPU
		{72C79210-29E3-4A26-A322-005554D4F087}.Release|x86.Deploy.0 = Release|Any CPU
	EndGlobalSection
	GlobalSection(SolutionProperties) = preSolution
		HideSolutionNode = FALSE
	EndGlobalSection
	GlobalSection(ExtensibilityGlobals) = postSolution
		SolutionGuid = {B4BD5B3B-BB26-463B-85DE-E8F1B4AF246D}
	EndGlobalSection
EndGlobal
